
Microsoft Visual Studio Solution File, Format Version 12.00
# Visual Studio Version 16
VisualStudioVersion = 16.0.31702.278
MinimumVisualStudioVersion = 10.0.40219.1
Project("{FAE04EC0-301F-11D3-BF4B-00C04F79EFBC}") = "Drawing_Rectangles", "Drawing_Rectangles\Drawing_Rectangles.csproj", "{FD3B5638-D664-4710-88E9-7D0CFD618207}"
EndProject
Global
	GlobalSection(SolutionConfigurationPlatforms) = preSolution
		Debug|Any CPU = Debug|Any CPU
		Release|Any CPU = Release|Any CPU
	EndGlobalSection
	GlobalSection(ProjectConfigurationPlatforms) = postSolution
		{FD3B5638-D664-4710-88E9-7D0CFD618207}.Debug|Any CPU.ActiveCfg = Debug|Any CPU
		{FD3B5638-D664-4710-88E9-7D0CFD618207}.Debug|Any CPU.Build.0 = Debug|Any CPU
		{FD3B5638-D664-4710-88E9-7D0CFD618207}.Release|Any CPU.ActiveCfg = Release|Any CPU
		{FD3B5638-D664-4710-88E9-7D0CFD618207}.Release|Any CPU.Build.0 = Release|Any CPU
	EndGlobalSection
	GlobalSection(SolutionProperties) = preSolution
		HideSolutionNode = FALSE
	EndGlobalSection
	GlobalSection(ExtensibilityGlobals) = postSolution
		SolutionGuid = {6B6EB3C3-792A-46CB-895B-D17BD6B68FC2}
	EndGlobalSection
EndGlobal
